
Microsoft Visual Studio Solution File, Format Version 12.00
# Visual Studio Version 17
VisualStudioVersion = 17.11.35219.272
MinimumVisualStudioVersion = 10.0.40219.1
Project("{FAE04EC0-301F-11D3-BF4B-00C04F79EFBC}") = "SimpleClient", "SimpleClient.csproj", "{45FB8DBA-DC9C-42B9-A76E-29E208B6A8D3}"
EndProject
Global
	GlobalSection(SolutionConfigurationPlatforms) = preSolution
		Debug|Any CPU = Debug|Any CPU
		Release|Any CPU = Release|Any CPU
	EndGlobalSection
	GlobalSection(ProjectConfigurationPlatforms) = postSolution
		{45FB8DBA-DC9C-42B9-A76E-29E208B6A8D3}.Debug|Any CPU.ActiveCfg = Debug|Any CPU
		{45FB8DBA-DC9C-42B9-A76E-29E208B6A8D3}.Debug|Any CPU.Build.0 = Debug|Any CPU
		{45FB8DBA-DC9C-42B9-A76E-29E208B6A8D3}.Release|Any CPU.ActiveCfg = Release|Any CPU
		{45FB8DBA-DC9C-42B9-A76E-29E208B6A8D3}.Release|Any CPU.Build.0 = Release|Any CPU
	EndGlobalSection
	GlobalSection(SolutionProperties) = preSolution
		HideSolutionNode = FALSE
	EndGlobalSection
	GlobalSection(ExtensibilityGlobals) = postSolution
		SolutionGuid = {FADD7B7E-DD4B-4301-824D-EA9D2FB8937B}
	EndGlobalSection
EndGlobal
